
Microsoft Visual Studio Solution File, Format Version 12.00
# Visual Studio 15
VisualStudioVersion = 15.0.26124.0
MinimumVisualStudioVersion = 15.0.26124.0
Project("{2150E333-8FDC-42A3-9474-1A3956D46DE8}") = "source", "source", "{8D9CE7C7-2E23-42F2-82E6-51B7E1CF4291}"
EndProject
Project("{FAE04EC0-301F-11D3-BF4B-00C04F79EFBC}") = "Host", "source\Host\Host.csproj", "{4F55682B-421F-4B18-9542-6AC52C372EBC}"
EndProject
Global
	GlobalSection(SolutionConfigurationPlatforms) = preSolution
		Debug|Any CPU = Debug|Any CPU
		Debug|x64 = Debug|x64
		Debug|x86 = Debug|x86
		Release|Any CPU = Release|Any CPU
		Release|x64 = Release|x64
		Release|x86 = Release|x86
	EndGlobalSection
	GlobalSection(SolutionProperties) = preSolution
		HideSolutionNode = FALSE
	EndGlobalSection
	GlobalSection(ProjectConfigurationPlatforms) = postSolution
		{4F55682B-421F-4B18-9542-6AC52C372EBC}.Debug|Any CPU.ActiveCfg = Debug|Any CPU
		{4F55682B-421F-4B18-9542-6AC52C372EBC}.Debug|Any CPU.Build.0 = Debug|Any CPU
		{4F55682B-421F-4B18-9542-6AC52C372EBC}.Debug|x64.ActiveCfg = Debug|Any CPU
		{4F55682B-421F-4B18-9542-6AC52C372EBC}.Debug|x64.Build.0 = Debug|Any CPU
		{4F55682B-421F-4B18-9542-6AC52C372EBC}.Debug|x86.ActiveCfg = Debug|Any CPU
		{4F55682B-421F-4B18-9542-6AC52C372EBC}.Debug|x86.Build.0 = Debug|Any CPU
		{4F55682B-421F-4B18-9542-6AC52C372EBC}.Release|Any CPU.ActiveCfg = Release|Any CPU
		{4F55682B-421F-4B18-9542-6AC52C372EBC}.Release|Any CPU.Build.0 = Release|Any CPU
		{4F55682B-421F-4B18-9542-6AC52C372EBC}.Release|x64.ActiveCfg = Release|Any CPU
		{4F55682B-421F-4B18-9542-6AC52C372EBC}.Release|x64.Build.0 = Release|Any CPU
		{4F55682B-421F-4B18-9542-6AC52C372EBC}.Release|x86.ActiveCfg = Release|Any CPU
		{4F55682B-421F-4B18-9542-6AC52C372EBC}.Release|x86.Build.0 = Release|Any CPU
	EndGlobalSection
	GlobalSection(NestedProjects) = preSolution
		{4F55682B-421F-4B18-9542-6AC52C372EBC} = {8D9CE7C7-2E23-42F2-82E6-51B7E1CF4291}
	EndGlobalSection
EndGlobal
